
Microsoft Visual Studio Solution File, Format Version 12.00
# Visual Studio Version 16
VisualStudioVersion = 16.0.31112.23
MinimumVisualStudioVersion = 10.0.40219.1
Project("{FAE04EC0-301F-11D3-BF4B-00C04F79EFBC}") = "NameFind", "NameFind\NameFind.csproj", "{2C25B357-54F0-402D-BA39-3584077DFBA2}"
EndProject
Project("{FAE04EC0-301F-11D3-BF4B-00C04F79EFBC}") = "NameFind.Test", "NameFind.Test\NameFind.Test.csproj", "{4D863171-5328-4BFD-85D9-ABC77DE20F33}"
EndProject
Global
	GlobalSection(SolutionConfigurationPlatforms) = preSolution
		Debug|Any CPU = Debug|Any CPU
		Release|Any CPU = Release|Any CPU
	EndGlobalSection
	GlobalSection(ProjectConfigurationPlatforms) = postSolution
		{2C25B357-54F0-402D-BA39-3584077DFBA2}.Debug|Any CPU.ActiveCfg = Debug|Any CPU
		{2C25B357-54F0-402D-BA39-3584077DFBA2}.Debug|Any CPU.Build.0 = Debug|Any CPU
		{2C25B357-54F0-402D-BA39-3584077DFBA2}.Release|Any CPU.ActiveCfg = Release|Any CPU
		{2C25B357-54F0-402D-BA39-3584077DFBA2}.Release|Any CPU.Build.0 = Release|Any CPU
		{4D863171-5328-4BFD-85D9-ABC77DE20F33}.Debug|Any CPU.ActiveCfg = Debug|Any CPU
		{4D863171-5328-4BFD-85D9-ABC77DE20F33}.Debug|Any CPU.Build.0 = Debug|Any CPU
		{4D863171-5328-4BFD-85D9-ABC77DE20F33}.Release|Any CPU.ActiveCfg = Release|Any CPU
		{4D863171-5328-4BFD-85D9-ABC77DE20F33}.Release|Any CPU.Build.0 = Release|Any CPU
	EndGlobalSection
	GlobalSection(SolutionProperties) = preSolution
		HideSolutionNode = FALSE
	EndGlobalSection
	GlobalSection(ExtensibilityGlobals) = postSolution
		SolutionGuid = {6962A69F-5239-4D76-B549-EAAFC72D1DC5}
	EndGlobalSection
EndGlobal
